
Microsoft Visual Studio Solution File, Format Version 12.00
# Visual Studio Version 17
VisualStudioVersion = 17.0.31912.275
MinimumVisualStudioVersion = 10.0.40219.1
Project("{2150E333-8FDC-42A3-9474-1A3956D46DE8}") = "Solution Items", "Solution Items", "{E41A34A8-F363-4398-8EB3-66616320F2C8}"
	ProjectSection(SolutionItems) = preProject
		.editorconfig = .editorconfig
		nuget.config = nuget.config
		GlobalSuppressions.cs = GlobalSuppressions.cs
		README.md = README.md
	EndProjectSection
EndProject
Project("{FAE04EC0-301F-11D3-BF4B-00C04F79EFBC}") = "JordiAragon.Cinema.Application", "src\JordiAragon.Cinema.Application\JordiAragon.Cinema.Application.csproj", "{E5C57C55-9D8B-4265-9245-6D128F9612E4}"
EndProject
Project("{FAE04EC0-301F-11D3-BF4B-00C04F79EFBC}") = "JordiAragon.Cinema.Domain", "src\JordiAragon.Cinema.Domain\JordiAragon.Cinema.Domain.csproj", "{C95E6F9C-9BB5-40DA-9F93-D9E3DD6C7137}"
EndProject
Project("{FAE04EC0-301F-11D3-BF4B-00C04F79EFBC}") = "JordiAragon.Cinema.Infrastructure", "src\JordiAragon.Cinema.Infrastructure\JordiAragon.Cinema.Infrastructure.csproj", "{2FF173D6-DD5B-42DD-9B05-35D7F2BC8773}"
EndProject
Project("{FAE04EC0-301F-11D3-BF4B-00C04F79EFBC}") = "JordiAragon.Cinema.Infrastructure.EntityFramework", "src\JordiAragon.Cinema.Infrastructure.EntityFramework\JordiAragon.Cinema.Infrastructure.EntityFramework.csproj", "{4B4B874F-60EF-461F-A7F4-6C13517B3BE7}"
EndProject
Project("{FAE04EC0-301F-11D3-BF4B-00C04F79EFBC}") = "JordiAragon.Cinema.Presentation.WebApi", "src\JordiAragon.Cinema.Presentation.WebApi\JordiAragon.Cinema.Presentation.WebApi.csproj", "{5FB659CA-0A01-480F-8805-C9582B3D14CF}"
EndProject
Project("{2150E333-8FDC-42A3-9474-1A3956D46DE8}") = "src", "src", "{E1CD4071-F9FA-4575-A746-BC5F572AA12F}"
	ProjectSection(SolutionItems) = preProject
		src\Directory.Packages.props = src\Directory.Packages.props
	EndProjectSection
EndProject
Project("{2150E333-8FDC-42A3-9474-1A3956D46DE8}") = "tests", "tests", "{8E9B69B4-1947-431C-AC12-B2072FDE857A}"
	ProjectSection(SolutionItems) = preProject
		tests\Directory.Packages.props = tests\Directory.Packages.props
	EndProjectSection
EndProject
Project("{FAE04EC0-301F-11D3-BF4B-00C04F79EFBC}") = "JordiAragon.Cinema", "src\JordiAragon.Cinema\JordiAragon.Cinema.csproj", "{C32058D0-5662-4CF6-89D9-E400DC983721}"
EndProject
Project("{FAE04EC0-301F-11D3-BF4B-00C04F79EFBC}") = "JordiAragon.Cinema.Application.Contracts", "src\JordiAragon.Cinema.Application.Contracts\JordiAragon.Cinema.Application.Contracts.csproj", "{79A67199-372D-41A5-BEA3-95EF22535B7B}"
EndProject
Project("{FAE04EC0-301F-11D3-BF4B-00C04F79EFBC}") = "JordiAragon.Cinema.Presentation.WebApi.Contracts.V1", "src\JordiAragon.Cinema.Presentation.WebApi.Contracts.V1\JordiAragon.Cinema.Presentation.WebApi.Contracts.V1.csproj", "{FDB37218-D076-46AF-A9B2-BB73F330E70D}"
EndProject
Project("{2150E333-8FDC-42A3-9474-1A3956D46DE8}") = "SharedKernel", "SharedKernel", "{CFFE2114-8356-49BA-B755-3427D19DB42A}"
	ProjectSection(SolutionItems) = preProject
		..\JordiAragon.SharedKernel\src\Directory.Packages.props = ..\JordiAragon.SharedKernel\src\Directory.Packages.props
	EndProjectSection
EndProject
Project("{FAE04EC0-301F-11D3-BF4B-00C04F79EFBC}") = "JordiAragon.SharedKernel", "..\JordiAragon.SharedKernel\src\JordiAragon.SharedKernel\JordiAragon.SharedKernel.csproj", "{84257C80-3DED-428D-8554-6C028BDACC12}"
EndProject
Project("{FAE04EC0-301F-11D3-BF4B-00C04F79EFBC}") = "JordiAragon.SharedKernel.Application", "..\JordiAragon.SharedKernel\src\JordiAragon.SharedKernel.Application\JordiAragon.SharedKernel.Application.csproj", "{491EFE14-A0C1-480F-99F9-51CF22DC2DD9}"
EndProject
Project("{FAE04EC0-301F-11D3-BF4B-00C04F79EFBC}") = "JordiAragon.SharedKernel.Application.Contracts", "..\JordiAragon.SharedKernel\src\JordiAragon.SharedKernel.Application.Contracts\JordiAragon.SharedKernel.Application.Contracts.csproj", "{C9EC3A3F-BBE8-4238-8418-068258106B87}"
EndProject
Project("{FAE04EC0-301F-11D3-BF4B-00C04F79EFBC}") = "JordiAragon.SharedKernel.Application.Contracts.IntegrationMessages", "..\JordiAragon.SharedKernel\src\JordiAragon.SharedKernel.Application.Contracts.IntegrationMessages\JordiAragon.SharedKernel.Application.Contracts.IntegrationMessages.csproj", "{0A5E3AA1-A5DF-4F10-8BFB-AEF69EC00820}"
EndProject
Project("{FAE04EC0-301F-11D3-BF4B-00C04F79EFBC}") = "JordiAragon.SharedKernel.Contracts", "..\JordiAragon.SharedKernel\src\JordiAragon.SharedKernel.Contracts\JordiAragon.SharedKernel.Contracts.csproj", "{3D2B766C-7E88-48CA-90F9-E48019CC837A}"
EndProject
Project("{FAE04EC0-301F-11D3-BF4B-00C04F79EFBC}") = "JordiAragon.SharedKernel.Domain", "..\JordiAragon.SharedKernel\src\JordiAragon.SharedKernel.Domain\JordiAragon.SharedKernel.Domain.csproj", "{55EC06B9-1AC3-4FCA-9C0C-A90525B021D9}"
EndProject
Project("{FAE04EC0-301F-11D3-BF4B-00C04F79EFBC}") = "JordiAragon.SharedKernel.Domain.Contracts", "..\JordiAragon.SharedKernel\src\JordiAragon.SharedKernel.Domain.Contracts\JordiAragon.SharedKernel.Domain.Contracts.csproj", "{F0BEDA9F-C944-4243-84E3-443F716F7E86}"
EndProject
Project("{FAE04EC0-301F-11D3-BF4B-00C04F79EFBC}") = "JordiAragon.SharedKernel.Infrastructure", "..\JordiAragon.SharedKernel\src\JordiAragon.SharedKernel.Infrastructure\JordiAragon.SharedKernel.Infrastructure.csproj", "{BDEE14AB-7695-4756-8E25-90700F224E96}"
EndProject
Project("{FAE04EC0-301F-11D3-BF4B-00C04F79EFBC}") = "JordiAragon.SharedKernel.Infrastructure.EntityFramework", "..\JordiAragon.SharedKernel\src\JordiAragon.SharedKernel.Infrastructure.EntityFramework\JordiAragon.SharedKernel.Infrastructure.EntityFramework.csproj", "{5AAB32CC-92E5-4975-91AD-BA21C904EF4D}"
EndProject
Project("{FAE04EC0-301F-11D3-BF4B-00C04F79EFBC}") = "JordiAragon.SharedKernel.Presentation.WebApi", "..\JordiAragon.SharedKernel\src\JordiAragon.SharedKernel.Presentation.WebApi\JordiAragon.SharedKernel.Presentation.WebApi.csproj", "{7FF3771A-AE55-4D93-B7E9-71807F86716C}"
EndProject
Project("{FAE04EC0-301F-11D3-BF4B-00C04F79EFBC}") = "JordiAragon.SharedKernel.Presentation.WebApi.Contracts", "..\JordiAragon.SharedKernel\src\JordiAragon.SharedKernel.Presentation.WebApi.Contracts\JordiAragon.SharedKernel.Presentation.WebApi.Contracts.csproj", "{89047CF8-31C0-4F59-9253-8E47B82F3949}"
EndProject
Project("{E53339B2-1760-4266-BCC7-CA923CBCF16C}") = "docker-compose", "docker-compose.dcproj", "{CDF63486-97B5-48C0-8C02-54F3FE55D8F8}"
EndProject
Project("{FAE04EC0-301F-11D3-BF4B-00C04F79EFBC}") = "JordiAragon.Cinema.Presentation.WebApi.Contracts.V2", "src\JordiAragon.Cinema.Presentation.WebApi.Contracts.V2\JordiAragon.Cinema.Presentation.WebApi.Contracts.V2.csproj", "{FB21D050-710C-4432-A786-F369653E6D24}"
EndProject
Project("{FAE04EC0-301F-11D3-BF4B-00C04F79EFBC}") = "JordiAragon.SharedKernel.Infrastructure.EventStore", "..\JordiAragon.SharedKernel\src\JordiAragon.SharedKernel.Infrastructure.EventStore\JordiAragon.SharedKernel.Infrastructure.EventStore.csproj", "{F763E219-5B84-41A2-943A-4BDE80E94D0F}"
EndProject
Project("{FAE04EC0-301F-11D3-BF4B-00C04F79EFBC}") = "JordiAragon.Cinema.Infrastructure.EventStore", "src\JordiAragon.Cinema.Infrastructure.EventStore\JordiAragon.Cinema.Infrastructure.EventStore.csproj", "{D0A63DC8-7C00-4903-B8F9-DF4122E88A5D}"
EndProject
Project("{2150E333-8FDC-42A3-9474-1A3956D46DE8}") = "ArchitectureTests", "ArchitectureTests", "{8EFDD032-7BF3-4EC0-9995-61F394CA3F03}"
EndProject
Project("{FAE04EC0-301F-11D3-BF4B-00C04F79EFBC}") = "JordiAragon.Cinema.ArchitectureTests", "tests\ArchitectureTests\JordiAragon.Cinema.ArchitectureTests\JordiAragon.Cinema.ArchitectureTests.csproj", "{F4439EF5-F91D-43D8-AC63-CC86E8BB3899}"
EndProject
Project("{2150E333-8FDC-42A3-9474-1A3956D46DE8}") = "UnitTests", "UnitTests", "{7B861871-88E1-40EC-B82E-C284378213DA}"
EndProject
Project("{FAE04EC0-301F-11D3-BF4B-00C04F79EFBC}") = "JordiAragon.Cinema.Application.UnitTests", "tests\UnitTests\JordiAragon.Cinema.Application.UnitTests\JordiAragon.Cinema.Application.UnitTests.csproj", "{811C0AC0-247D-4525-B341-1C1B4088095F}"
EndProject
Project("{FAE04EC0-301F-11D3-BF4B-00C04F79EFBC}") = "JordiAragon.Cinema.Domain.UnitTests", "tests\UnitTests\JordiAragon.Cinema.Domain.UnitTests\JordiAragon.Cinema.Domain.UnitTests.csproj", "{836EAD55-A196-43B3-B0C6-AE6119DDBD03}"
EndProject
Project("{2150E333-8FDC-42A3-9474-1A3956D46DE8}") = "FunctionalTests", "FunctionalTests", "{B09EE094-7ED5-47FC-95EB-E067B260E50A}"
EndProject
Project("{FAE04EC0-301F-11D3-BF4B-00C04F79EFBC}") = "JordiAragon.Cinema.Presentation.WebApi.FunctionalTests", "tests\FunctionalTests\JordiAragon.Cinema.Presentation.WebApi.FunctionalTests\JordiAragon.Cinema.Presentation.WebApi.FunctionalTests.csproj", "{2A5C0ECD-8178-488C-99B2-7CA2DC434837}"
EndProject
Global
	GlobalSection(SolutionConfigurationPlatforms) = preSolution
		Debug|Any CPU = Debug|Any CPU
		Release|Any CPU = Release|Any CPU
	EndGlobalSection
	GlobalSection(ProjectConfigurationPlatforms) = postSolution
		{E5C57C55-9D8B-4265-9245-6D128F9612E4}.Debug|Any CPU.ActiveCfg = Debug|Any CPU
		{E5C57C55-9D8B-4265-9245-6D128F9612E4}.Debug|Any CPU.Build.0 = Debug|Any CPU
		{E5C57C55-9D8B-4265-9245-6D128F9612E4}.Release|Any CPU.ActiveCfg = Release|Any CPU
		{E5C57C55-9D8B-4265-9245-6D128F9612E4}.Release|Any CPU.Build.0 = Release|Any CPU
		{C95E6F9C-9BB5-40DA-9F93-D9E3DD6C7137}.Debug|Any CPU.ActiveCfg = Debug|Any CPU
		{C95E6F9C-9BB5-40DA-9F93-D9E3DD6C7137}.Debug|Any CPU.Build.0 = Debug|Any CPU
		{C95E6F9C-9BB5-40DA-9F93-D9E3DD6C7137}.Release|Any CPU.ActiveCfg = Release|Any CPU
		{C95E6F9C-9BB5-40DA-9F93-D9E3DD6C7137}.Release|Any CPU.Build.0 = Release|Any CPU
		{2FF173D6-DD5B-42DD-9B05-35D7F2BC8773}.Debug|Any CPU.ActiveCfg = Debug|Any CPU
		{2FF173D6-DD5B-42DD-9B05-35D7F2BC8773}.Debug|Any CPU.Build.0 = Debug|Any CPU
		{2FF173D6-DD5B-42DD-9B05-35D7F2BC8773}.Release|Any CPU.ActiveCfg = Release|Any CPU
		{2FF173D6-DD5B-42DD-9B05-35D7F2BC8773}.Release|Any CPU.Build.0 = Release|Any CPU
		{4B4B874F-60EF-461F-A7F4-6C13517B3BE7}.Debug|Any CPU.ActiveCfg = Debug|Any CPU
		{4B4B874F-60EF-461F-A7F4-6C13517B3BE7}.Debug|Any CPU.Build.0 = Debug|Any CPU
		{4B4B874F-60EF-461F-A7F4-6C13517B3BE7}.Release|Any CPU.ActiveCfg = Release|Any CPU
		{4B4B874F-60EF-461F-A7F4-6C13517B3BE7}.Release|Any CPU.Build.0 = Release|Any CPU
		{5FB659CA-0A01-480F-8805-C9582B3D14CF}.Debug|Any CPU.ActiveCfg = Debug|Any CPU
		{5FB659CA-0A01-480F-8805-C9582B3D14CF}.Debug|Any CPU.Build.0 = Debug|Any CPU
		{5FB659CA-0A01-480F-8805-C9582B3D14CF}.Release|Any CPU.ActiveCfg = Release|Any CPU
		{5FB659CA-0A01-480F-8805-C9582B3D14CF}.Release|Any CPU.Build.0 = Release|Any CPU
		{C32058D0-5662-4CF6-89D9-E400DC983721}.Debug|Any CPU.ActiveCfg = Debug|Any CPU
		{C32058D0-5662-4CF6-89D9-E400DC983721}.Debug|Any CPU.Build.0 = Debug|Any CPU
		{C32058D0-5662-4CF6-89D9-E400DC983721}.Release|Any CPU.ActiveCfg = Release|Any CPU
		{C32058D0-5662-4CF6-89D9-E400DC983721}.Release|Any CPU.Build.0 = Release|Any CPU
		{79A67199-372D-41A5-BEA3-95EF22535B7B}.Debug|Any CPU.ActiveCfg = Debug|Any CPU
		{79A67199-372D-41A5-BEA3-95EF22535B7B}.Debug|Any CPU.Build.0 = Debug|Any CPU
		{79A67199-372D-41A5-BEA3-95EF22535B7B}.Release|Any CPU.ActiveCfg = Release|Any CPU
		{79A67199-372D-41A5-BEA3-95EF22535B7B}.Release|Any CPU.Build.0 = Release|Any CPU
		{FDB37218-D076-46AF-A9B2-BB73F330E70D}.Debug|Any CPU.ActiveCfg = Debug|Any CPU
		{FDB37218-D076-46AF-A9B2-BB73F330E70D}.Debug|Any CPU.Build.0 = Debug|Any CPU
		{FDB37218-D076-46AF-A9B2-BB73F330E70D}.Release|Any CPU.ActiveCfg = Release|Any CPU
		{FDB37218-D076-46AF-A9B2-BB73F330E70D}.Release|Any CPU.Build.0 = Release|Any CPU
		{84257C80-3DED-428D-8554-6C028BDACC12}.Debug|Any CPU.ActiveCfg = Debug|Any CPU
		{84257C80-3DED-428D-8554-6C028BDACC12}.Debug|Any CPU.Build.0 = Debug|Any CPU
		{84257C80-3DED-428D-8554-6C028BDACC12}.Release|Any CPU.ActiveCfg = Release|Any CPU
		{84257C80-3DED-428D-8554-6C028BDACC12}.Release|Any CPU.Build.0 = Release|Any CPU
		{491EFE14-A0C1-480F-99F9-51CF22DC2DD9}.Debug|Any CPU.ActiveCfg = Debug|Any CPU
		{491EFE14-A0C1-480F-99F9-51CF22DC2DD9}.Debug|Any CPU.Build.0 = Debug|Any CPU
		{491EFE14-A0C1-480F-99F9-51CF22DC2DD9}.Release|Any CPU.ActiveCfg = Release|Any CPU
		{491EFE14-A0C1-480F-99F9-51CF22DC2DD9}.Release|Any CPU.Build.0 = Release|Any CPU
		{C9EC3A3F-BBE8-4238-8418-068258106B87}.Debug|Any CPU.ActiveCfg = Debug|Any CPU
		{C9EC3A3F-BBE8-4238-8418-068258106B87}.Debug|Any CPU.Build.0 = Debug|Any CPU
		{C9EC3A3F-BBE8-4238-8418-068258106B87}.Release|Any CPU.ActiveCfg = Release|Any CPU
		{C9EC3A3F-BBE8-4238-8418-068258106B87}.Release|Any CPU.Build.0 = Release|Any CPU
		{0A5E3AA1-A5DF-4F10-8BFB-AEF69EC00820}.Debug|Any CPU.ActiveCfg = Debug|Any CPU
		{0A5E3AA1-A5DF-4F10-8BFB-AEF69EC00820}.Debug|Any CPU.Build.0 = Debug|Any CPU
		{0A5E3AA1-A5DF-4F10-8BFB-AEF69EC00820}.Release|Any CPU.ActiveCfg = Release|Any CPU
		{0A5E3AA1-A5DF-4F10-8BFB-AEF69EC00820}.Release|Any CPU.Build.0 = Release|Any CPU
		{3D2B766C-7E88-48CA-90F9-E48019CC837A}.Debug|Any CPU.ActiveCfg = Debug|Any CPU
		{3D2B766C-7E88-48CA-90F9-E48019CC837A}.Debug|Any CPU.Build.0 = Debug|Any CPU
		{3D2B766C-7E88-48CA-90F9-E48019CC837A}.Release|Any CPU.ActiveCfg = Release|Any CPU
		{3D2B766C-7E88-48CA-90F9-E48019CC837A}.Release|Any CPU.Build.0 = Release|Any CPU
		{55EC06B9-1AC3-4FCA-9C0C-A90525B021D9}.Debug|Any CPU.ActiveCfg = Debug|Any CPU
		{55EC06B9-1AC3-4FCA-9C0C-A90525B021D9}.Debug|Any CPU.Build.0 = Debug|Any CPU
		{55EC06B9-1AC3-4FCA-9C0C-A90525B021D9}.Release|Any CPU.ActiveCfg = Release|Any CPU
		{55EC06B9-1AC3-4FCA-9C0C-A90525B021D9}.Release|Any CPU.Build.0 = Release|Any CPU
		{F0BEDA9F-C944-4243-84E3-443F716F7E86}.Debug|Any CPU.ActiveCfg = Debug|Any CPU
		{F0BEDA9F-C944-4243-84E3-443F716F7E86}.Debug|Any CPU.Build.0 = Debug|Any CPU
		{F0BEDA9F-C944-4243-84E3-443F716F7E86}.Release|Any CPU.ActiveCfg = Release|Any CPU
		{F0BEDA9F-C944-4243-84E3-443F716F7E86}.Release|Any CPU.Build.0 = Release|Any CPU
		{BDEE14AB-7695-4756-8E25-90700F224E96}.Debug|Any CPU.ActiveCfg = Debug|Any CPU
		{BDEE14AB-7695-4756-8E25-90700F224E96}.Debug|Any CPU.Build.0 = Debug|Any CPU
		{BDEE14AB-7695-4756-8E25-90700F224E96}.Release|Any CPU.ActiveCfg = Release|Any CPU
		{BDEE14AB-7695-4756-8E25-90700F224E96}.Release|Any CPU.Build.0 = Release|Any CPU
		{5AAB32CC-92E5-4975-91AD-BA21C904EF4D}.Debug|Any CPU.ActiveCfg = Debug|Any CPU
		{5AAB32CC-92E5-4975-91AD-BA21C904EF4D}.Debug|Any CPU.Build.0 = Debug|Any CPU
		{5AAB32CC-92E5-4975-91AD-BA21C904EF4D}.Release|Any CPU.ActiveCfg = Release|Any CPU
		{5AAB32CC-92E5-4975-91AD-BA21C904EF4D}.Release|Any CPU.Build.0 = Release|Any CPU
		{7FF3771A-AE55-4D93-B7E9-71807F86716C}.Debug|Any CPU.ActiveCfg = Debug|Any CPU
		{7FF3771A-AE55-4D93-B7E9-71807F86716C}.Debug|Any CPU.Build.0 = Debug|Any CPU
		{7FF3771A-AE55-4D93-B7E9-71807F86716C}.Release|Any CPU.ActiveCfg = Release|Any CPU
		{7FF3771A-AE55-4D93-B7E9-71807F86716C}.Release|Any CPU.Build.0 = Release|Any CPU
		{89047CF8-31C0-4F59-9253-8E47B82F3949}.Debug|Any CPU.ActiveCfg = Debug|Any CPU
		{89047CF8-31C0-4F59-9253-8E47B82F3949}.Debug|Any CPU.Build.0 = Debug|Any CPU
		{89047CF8-31C0-4F59-9253-8E47B82F3949}.Release|Any CPU.ActiveCfg = Release|Any CPU
		{89047CF8-31C0-4F59-9253-8E47B82F3949}.Release|Any CPU.Build.0 = Release|Any CPU
		{CDF63486-97B5-48C0-8C02-54F3FE55D8F8}.Debug|Any CPU.ActiveCfg = Debug|Any CPU
		{CDF63486-97B5-48C0-8C02-54F3FE55D8F8}.Debug|Any CPU.Build.0 = Debug|Any CPU
		{CDF63486-97B5-48C0-8C02-54F3FE55D8F8}.Release|Any CPU.ActiveCfg = Release|Any CPU
		{CDF63486-97B5-48C0-8C02-54F3FE55D8F8}.Release|Any CPU.Build.0 = Release|Any CPU
		{FB21D050-710C-4432-A786-F369653E6D24}.Debug|Any CPU.ActiveCfg = Debug|Any CPU
		{FB21D050-710C-4432-A786-F369653E6D24}.Debug|Any CPU.Build.0 = Debug|Any CPU
		{FB21D050-710C-4432-A786-F369653E6D24}.Release|Any CPU.ActiveCfg = Release|Any CPU
		{FB21D050-710C-4432-A786-F369653E6D24}.Release|Any CPU.Build.0 = Release|Any CPU
		{F763E219-5B84-41A2-943A-4BDE80E94D0F}.Debug|Any CPU.ActiveCfg = Debug|Any CPU
		{F763E219-5B84-41A2-943A-4BDE80E94D0F}.Debug|Any CPU.Build.0 = Debug|Any CPU
		{F763E219-5B84-41A2-943A-4BDE80E94D0F}.Release|Any CPU.ActiveCfg = Release|Any CPU
		{F763E219-5B84-41A2-943A-4BDE80E94D0F}.Release|Any CPU.Build.0 = Release|Any CPU
		{D0A63DC8-7C00-4903-B8F9-DF4122E88A5D}.Debug|Any CPU.ActiveCfg = Debug|Any CPU
		{D0A63DC8-7C00-4903-B8F9-DF4122E88A5D}.Debug|Any CPU.Build.0 = Debug|Any CPU
		{D0A63DC8-7C00-4903-B8F9-DF4122E88A5D}.Release|Any CPU.ActiveCfg = Release|Any CPU
		{D0A63DC8-7C00-4903-B8F9-DF4122E88A5D}.Release|Any CPU.Build.0 = Release|Any CPU
		{F4439EF5-F91D-43D8-AC63-CC86E8BB3899}.Debug|Any CPU.ActiveCfg = Debug|Any CPU
		{F4439EF5-F91D-43D8-AC63-CC86E8BB3899}.Debug|Any CPU.Build.0 = Debug|Any CPU
		{F4439EF5-F91D-43D8-AC63-CC86E8BB3899}.Release|Any CPU.ActiveCfg = Release|Any CPU
		{F4439EF5-F91D-43D8-AC63-CC86E8BB3899}.Release|Any CPU.Build.0 = Release|Any CPU
		{811C0AC0-247D-4525-B341-1C1B4088095F}.Debug|Any CPU.ActiveCfg = Debug|Any CPU
		{811C0AC0-247D-4525-B341-1C1B4088095F}.Debug|Any CPU.Build.0 = Debug|Any CPU
		{811C0AC0-247D-4525-B341-1C1B4088095F}.Release|Any CPU.ActiveCfg = Release|Any CPU
		{811C0AC0-247D-4525-B341-1C1B4088095F}.Release|Any CPU.Build.0 = Release|Any CPU
		{836EAD55-A196-43B3-B0C6-AE6119DDBD03}.Debug|Any CPU.ActiveCfg = Debug|Any CPU
		{836EAD55-A196-43B3-B0C6-AE6119DDBD03}.Debug|Any CPU.Build.0 = Debug|Any CPU
		{836EAD55-A196-43B3-B0C6-AE6119DDBD03}.Release|Any CPU.ActiveCfg = Release|Any CPU
		{836EAD55-A196-43B3-B0C6-AE6119DDBD03}.Release|Any CPU.Build.0 = Release|Any CPU
		{2A5C0ECD-8178-488C-99B2-7CA2DC434837}.Debug|Any CPU.ActiveCfg = Debug|Any CPU
		{2A5C0ECD-8178-488C-99B2-7CA2DC434837}.Debug|Any CPU.Build.0 = Debug|Any CPU
		{2A5C0ECD-8178-488C-99B2-7CA2DC434837}.Release|Any CPU.ActiveCfg = Release|Any CPU
		{2A5C0ECD-8178-488C-99B2-7CA2DC434837}.Release|Any CPU.Build.0 = Release|Any CPU
	EndGlobalSection
	GlobalSection(SolutionProperties) = preSolution
		HideSolutionNode = FALSE
	EndGlobalSection
	GlobalSection(ExtensibilityGlobals) = postSolution
		SolutionGuid = {A82D7CB3-8FCC-470B-8AB9-2932F59BF4D9}
	EndGlobalSection
	GlobalSection(NestedProjects) = preSolution
		{E5C57C55-9D8B-4265-9245-6D128F9612E4} = {E1CD4071-F9FA-4575-A746-BC5F572AA12F}
		{C95E6F9C-9BB5-40DA-9F93-D9E3DD6C7137} = {E1CD4071-F9FA-4575-A746-BC5F572AA12F}
		{2FF173D6-DD5B-42DD-9B05-35D7F2BC8773} = {E1CD4071-F9FA-4575-A746-BC5F572AA12F}
		{4B4B874F-60EF-461F-A7F4-6C13517B3BE7} = {E1CD4071-F9FA-4575-A746-BC5F572AA12F}
		{5FB659CA-0A01-480F-8805-C9582B3D14CF} = {E1CD4071-F9FA-4575-A746-BC5F572AA12F}
		{C32058D0-5662-4CF6-89D9-E400DC983721} = {E1CD4071-F9FA-4575-A746-BC5F572AA12F}
		{79A67199-372D-41A5-BEA3-95EF22535B7B} = {E1CD4071-F9FA-4575-A746-BC5F572AA12F}
		{FDB37218-D076-46AF-A9B2-BB73F330E70D} = {E1CD4071-F9FA-4575-A746-BC5F572AA12F}
		{84257C80-3DED-428D-8554-6C028BDACC12} = {CFFE2114-8356-49BA-B755-3427D19DB42A}
		{491EFE14-A0C1-480F-99F9-51CF22DC2DD9} = {CFFE2114-8356-49BA-B755-3427D19DB42A}
		{C9EC3A3F-BBE8-4238-8418-068258106B87} = {CFFE2114-8356-49BA-B755-3427D19DB42A}
		{0A5E3AA1-A5DF-4F10-8BFB-AEF69EC00820} = {CFFE2114-8356-49BA-B755-3427D19DB42A}
		{3D2B766C-7E88-48CA-90F9-E48019CC837A} = {CFFE2114-8356-49BA-B755-3427D19DB42A}
		{55EC06B9-1AC3-4FCA-9C0C-A90525B021D9} = {CFFE2114-8356-49BA-B755-3427D19DB42A}
		{F0BEDA9F-C944-4243-84E3-443F716F7E86} = {CFFE2114-8356-49BA-B755-3427D19DB42A}
		{BDEE14AB-7695-4756-8E25-90700F224E96} = {CFFE2114-8356-49BA-B755-3427D19DB42A}
		{5AAB32CC-92E5-4975-91AD-BA21C904EF4D} = {CFFE2114-8356-49BA-B755-3427D19DB42A}
		{7FF3771A-AE55-4D93-B7E9-71807F86716C} = {CFFE2114-8356-49BA-B755-3427D19DB42A}
		{89047CF8-31C0-4F59-9253-8E47B82F3949} = {CFFE2114-8356-49BA-B755-3427D19DB42A}
		{FB21D050-710C-4432-A786-F369653E6D24} = {E1CD4071-F9FA-4575-A746-BC5F572AA12F}
		{F763E219-5B84-41A2-943A-4BDE80E94D0F} = {CFFE2114-8356-49BA-B755-3427D19DB42A}
		{D0A63DC8-7C00-4903-B8F9-DF4122E88A5D} = {E1CD4071-F9FA-4575-A746-BC5F572AA12F}
		{8EFDD032-7BF3-4EC0-9995-61F394CA3F03} = {8E9B69B4-1947-431C-AC12-B2072FDE857A}
		{F4439EF5-F91D-43D8-AC63-CC86E8BB3899} = {8EFDD032-7BF3-4EC0-9995-61F394CA3F03}
		{7B861871-88E1-40EC-B82E-C284378213DA} = {8E9B69B4-1947-431C-AC12-B2072FDE857A}
		{811C0AC0-247D-4525-B341-1C1B4088095F} = {7B861871-88E1-40EC-B82E-C284378213DA}
		{836EAD55-A196-43B3-B0C6-AE6119DDBD03} = {7B861871-88E1-40EC-B82E-C284378213DA}
		{B09EE094-7ED5-47FC-95EB-E067B260E50A} = {8E9B69B4-1947-431C-AC12-B2072FDE857A}
		{2A5C0ECD-8178-488C-99B2-7CA2DC434837} = {B09EE094-7ED5-47FC-95EB-E067B260E50A}
	EndGlobalSection
EndGlobal
